
Microsoft Visual Studio Solution File, Format Version 12.00
# Visual Studio Version 16
VisualStudioVersion = 16.0.31729.503
MinimumVisualStudioVersion = 10.0.40219.1
Project("{FAE04EC0-301F-11D3-BF4B-00C04F79EFBC}") = "Homework2", "Homework2\Homework2.csproj", "{95064735-6C2A-4E73-BA8F-183FD278A36E}"
EndProject
Global
	GlobalSection(SolutionConfigurationPlatforms) = preSolution
		Debug|Any CPU = Debug|Any CPU
		Release|Any CPU = Release|Any CPU
	EndGlobalSection
	GlobalSection(ProjectConfigurationPlatforms) = postSolution
		{95064735-6C2A-4E73-BA8F-183FD278A36E}.Debug|Any CPU.ActiveCfg = Debug|Any CPU
		{95064735-6C2A-4E73-BA8F-183FD278A36E}.Debug|Any CPU.Build.0 = Debug|Any CPU
		{95064735-6C2A-4E73-BA8F-183FD278A36E}.Release|Any CPU.ActiveCfg = Release|Any CPU
		{95064735-6C2A-4E73-BA8F-183FD278A36E}.Release|Any CPU.Build.0 = Release|Any CPU
	EndGlobalSection
	GlobalSection(SolutionProperties) = preSolution
		HideSolutionNode = FALSE
	EndGlobalSection
	GlobalSection(ExtensibilityGlobals) = postSolution
		SolutionGuid = {8D44B303-5316-41CB-85B8-15563A76082D}
	EndGlobalSection
EndGlobal
